
Microsoft Visual Studio Solution File, Format Version 12.00
# Visual Studio Version 17
VisualStudioVersion = 17.3.32901.215
MinimumVisualStudioVersion = 10.0.40219.1
Project("{8BC9CEB8-8B4A-11D0-8D11-00A0C91BC942}") = "praktika 23.11", "praktika 23.11\praktika 23.11.vcxproj", "{43759E5C-E861-4D75-B4C2-D1750544A8EA}"
EndProject
Global
	GlobalSection(SolutionConfigurationPlatforms) = preSolution
		Debug|x64 = Debug|x64
		Debug|x86 = Debug|x86
		Release|x64 = Release|x64
		Release|x86 = Release|x86
	EndGlobalSection
	GlobalSection(ProjectConfigurationPlatforms) = postSolution
		{43759E5C-E861-4D75-B4C2-D1750544A8EA}.Debug|x64.ActiveCfg = Debug|x64
		{43759E5C-E861-4D75-B4C2-D1750544A8EA}.Debug|x64.Build.0 = Debug|x64
		{43759E5C-E861-4D75-B4C2-D1750544A8EA}.Debug|x86.ActiveCfg = Debug|Win32
		{43759E5C-E861-4D75-B4C2-D1750544A8EA}.Debug|x86.Build.0 = Debug|Win32
		{43759E5C-E861-4D75-B4C2-D1750544A8EA}.Release|x64.ActiveCfg = Release|x64
		{43759E5C-E861-4D75-B4C2-D1750544A8EA}.Release|x64.Build.0 = Release|x64
		{43759E5C-E861-4D75-B4C2-D1750544A8EA}.Release|x86.ActiveCfg = Release|Win32
		{43759E5C-E861-4D75-B4C2-D1750544A8EA}.Release|x86.Build.0 = Release|Win32
	EndGlobalSection
	GlobalSection(SolutionProperties) = preSolution
		HideSolutionNode = FALSE
	EndGlobalSection
	GlobalSection(ExtensibilityGlobals) = postSolution
		SolutionGuid = {503D08A6-24D9-4C0D-BF39-89C5FDDD015C}
	EndGlobalSection
EndGlobal
