
Microsoft Visual Studio Solution File, Format Version 12.00
# Visual Studio Version 17
VisualStudioVersion = 17.3.32901.215
MinimumVisualStudioVersion = 10.0.40219.1
Project("{8BC9CEB8-8B4A-11D0-8D11-00A0C91BC942}") = "praktica project", "praktica project\praktica project.vcxproj", "{32BEC97C-4DAF-42A7-83F0-FF2265A32174}"
EndProject
Global
	GlobalSection(SolutionConfigurationPlatforms) = preSolution
		Debug|x64 = Debug|x64
		Debug|x86 = Debug|x86
		Release|x64 = Release|x64
		Release|x86 = Release|x86
	EndGlobalSection
	GlobalSection(ProjectConfigurationPlatforms) = postSolution
		{32BEC97C-4DAF-42A7-83F0-FF2265A32174}.Debug|x64.ActiveCfg = Debug|x64
		{32BEC97C-4DAF-42A7-83F0-FF2265A32174}.Debug|x64.Build.0 = Debug|x64
		{32BEC97C-4DAF-42A7-83F0-FF2265A32174}.Debug|x86.ActiveCfg = Debug|Win32
		{32BEC97C-4DAF-42A7-83F0-FF2265A32174}.Debug|x86.Build.0 = Debug|Win32
		{32BEC97C-4DAF-42A7-83F0-FF2265A32174}.Release|x64.ActiveCfg = Release|x64
		{32BEC97C-4DAF-42A7-83F0-FF2265A32174}.Release|x64.Build.0 = Release|x64
		{32BEC97C-4DAF-42A7-83F0-FF2265A32174}.Release|x86.ActiveCfg = Release|Win32
		{32BEC97C-4DAF-42A7-83F0-FF2265A32174}.Release|x86.Build.0 = Release|Win32
	EndGlobalSection
	GlobalSection(SolutionProperties) = preSolution
		HideSolutionNode = FALSE
	EndGlobalSection
	GlobalSection(ExtensibilityGlobals) = postSolution
		SolutionGuid = {EADD5D54-A1E9-4E23-9395-91B768459B93}
	EndGlobalSection
EndGlobal
