
Microsoft Visual Studio Solution File, Format Version 12.00
# Visual Studio Version 17
VisualStudioVersion = 17.3.32901.215
MinimumVisualStudioVersion = 10.0.40219.1
Project("{8BC9CEB8-8B4A-11D0-8D11-00A0C91BC942}") = "html", "html\html.vcxproj", "{8EEE0C0D-BDB6-4063-81F5-719A6EF4BCF7}"
EndProject
Global
	GlobalSection(SolutionConfigurationPlatforms) = preSolution
		Debug|x64 = Debug|x64
		Debug|x86 = Debug|x86
		Release|x64 = Release|x64
		Release|x86 = Release|x86
	EndGlobalSection
	GlobalSection(ProjectConfigurationPlatforms) = postSolution
		{8EEE0C0D-BDB6-4063-81F5-719A6EF4BCF7}.Debug|x64.ActiveCfg = Debug|x64
		{8EEE0C0D-BDB6-4063-81F5-719A6EF4BCF7}.Debug|x64.Build.0 = Debug|x64
		{8EEE0C0D-BDB6-4063-81F5-719A6EF4BCF7}.Debug|x86.ActiveCfg = Debug|Win32
		{8EEE0C0D-BDB6-4063-81F5-719A6EF4BCF7}.Debug|x86.Build.0 = Debug|Win32
		{8EEE0C0D-BDB6-4063-81F5-719A6EF4BCF7}.Release|x64.ActiveCfg = Release|x64
		{8EEE0C0D-BDB6-4063-81F5-719A6EF4BCF7}.Release|x64.Build.0 = Release|x64
		{8EEE0C0D-BDB6-4063-81F5-719A6EF4BCF7}.Release|x86.ActiveCfg = Release|Win32
		{8EEE0C0D-BDB6-4063-81F5-719A6EF4BCF7}.Release|x86.Build.0 = Release|Win32
	EndGlobalSection
	GlobalSection(SolutionProperties) = preSolution
		HideSolutionNode = FALSE
	EndGlobalSection
	GlobalSection(ExtensibilityGlobals) = postSolution
		SolutionGuid = {9917F4C9-FB06-4A1D-88C0-7D0952220136}
	EndGlobalSection
EndGlobal
